// !$*UTF8*$!
{
	archiveVersion = 1;
	classes = {
	};
	objectVersion = 50;
	objects = {

/* Begin PBXBuildFile section */
		3965A0BA24D76C26001C6D79 /* AppDelegate.swift in Sources */ = {isa = PBXBuildFile; fileRef = 3965A0B924D76C26001C6D79 /* AppDelegate.swift */; };
		3965A0BC24D76C26001C6D79 /* SceneDelegate.swift in Sources */ = {isa = PBXBuildFile; fileRef = 3965A0BB24D76C26001C6D79 /* SceneDelegate.swift */; };
		3965A0BE24D76C26001C6D79 /* ViewController.swift in Sources */ = {isa = PBXBuildFile; fileRef = 3965A0BD24D76C26001C6D79 /* ViewController.swift */; };
		3965A0C124D76C26001C6D79 /* Main.storyboard in Resources */ = {isa = PBXBuildFile; fileRef = 3965A0BF24D76C26001C6D79 /* Main.storyboard */; };
		3965A0C324D76C28001C6D79 /* Assets.xcassets in Resources */ = {isa = PBXBuildFile; fileRef = 3965A0C224D76C28001C6D79 /* Assets.xcassets */; };
		3965A0C624D76C28001C6D79 /* LaunchScreen.storyboard in Resources */ = {isa = PBXBuildFile; fileRef = 3965A0C424D76C28001C6D79 /* LaunchScreen.storyboard */; };
/* End PBXBuildFile section */

/* Begin PBXFileReference section */
		3965A0B624D76C26001C6D79 /* PeriodicTable.app */ = {isa = PBXFileReference; explicitFileType = wrapper.application; includeInIndex = 0; path = PeriodicTable.app; sourceTree = BUILT_PRODUCTS_DIR; };
		3965A0B924D76C26001C6D79 /* AppDelegate.swift */ = {isa = PBXFileReference; lastKnownFileType = sourcecode.swift; path = AppDelegate.swift; sourceTree = "<group>"; };
		3965A0BB24D76C26001C6D79 /* SceneDelegate.swift */ = {isa = PBXFileReference; lastKnownFileType = sourcecode.swift; path = SceneDelegate.swift; sourceTree = "<group>"; };
		3965A0BD24D76C26001C6D79 /* ViewController.swift */ = {isa = PBXFileReference; lastKnownFileType = sourcecode.swift; path = ViewController.swift; sourceTree = "<group>"; };
		3965A0C024D76C26001C6D79 /* Base */ = {isa = PBXFileReference; lastKnownFileType = file.storyboard; name = Base; path = Base.lproj/Main.storyboard; sourceTree = "<group>"; };
		3965A0C224D76C28001C6D79 /* Assets.xcassets */ = {isa = PBXFileReference; lastKnownFileType = folder.assetcatalog; path = Assets.xcassets; sourceTree = "<group>"; };
		3965A0C524D76C28001C6D79 /* Base */ = {isa = PBXFileReference; lastKnownFileType = file.storyboard; name = Base; path = Base.lproj/LaunchScreen.storyboard; sourceTree = "<group>"; };
		3965A0C724D76C28001C6D79 /* Info.plist */ = {isa = PBXFileReference; lastKnownFileType = text.plist.xml; path = Info.plist; sourceTree = "<group>"; };
/* End PBXFileReference section */

/* Begin PBXFrameworksBuildPhase section */
		3965A0B324D76C26001C6D79 /* Frameworks */ = {
			isa = PBXFrameworksBuildPhase;
			buildActionMask = 2147483647;
			files = (
			);
			runOnlyForDeploymentPostprocessing = 0;
		};
/* End PBXFrameworksBuildPhase section */

/* Begin PBXGroup section */
		3965A0AD24D76C26001C6D79 = {
			isa = PBXGroup;
			children = (
				3965A0B824D76C26001C6D79 /* PeriodicTable */,
				3965A0B724D76C26001C6D79 /* Products */,
			);
			sourceTree = "<group>";
		};
		3965A0B724D76C26001C6D79 /* Products */ = {
			isa = PBXGroup;
			children = (
				3965A0B624D76C26001C6D79 /* PeriodicTable.app */,
			);
			name = Products;
			sourceTree = "<group>";
		};
		3965A0B824D76C26001C6D79 /* PeriodicTable */ = {
			isa = PBXGroup;
			children = (
				3965A0B924D76C26001C6D79 /* AppDelegate.swift */,
				3965A0BB24D76C26001C6D79 /* SceneDelegate.swift */,
				3965A0BD24D76C26001C6D79 /* ViewController.swift */,
				3965A0BF24D76C26001C6D79 /* Main.storyboard */,
				3965A0C224D76C28001C6D79 /* Assets.xcassets */,
				3965A0C424D76C28001C6D79 /* LaunchScreen.storyboard */,
				3965A0C724D76C28001C6D79 /* Info.plist */,
			);
			path = PeriodicTable;
			sourceTree = "<group>";
		};
/* End PBXGroup section */

/* Begin PBXNativeTarget section */
		3965A0B524D76C26001C6D79 /* PeriodicTable */ = {
			isa = PBXNativeTarget;
			buildConfigurationList = 3965A0CA24D76C28001C6D79 /* Build configuration list for PBXNativeTarget "PeriodicTable" */;
			buildPhases = (
				3965A0B224D76C26001C6D79 /* Sources */,
				3965A0B324D76C26001C6D79 /* Frameworks */,
				3965A0B424D76C26001C6D79 /* Resources */,
			);
			buildRules = (
			);
			dependencies = (
			);
			name = PeriodicTable;
			productName = PeriodicTable;
			productReference = 3965A0B624D76C26001C6D79 /* PeriodicTable.app */;
			productType = "com.apple.product-type.application";
		};
/* End PBXNativeTarget section */

/* Begin PBXProject section */
		3965A0AE24D76C26001C6D79 /* Project object */ = {
			isa = PBXProject;
			attributes = {
				LastSwiftUpdateCheck = 1160;
				LastUpgradeCheck = 1160;
				ORGANIZATIONNAME = "Luca Nicolae Iatropulus";
				TargetAttributes = {
					3965A0B524D76C26001C6D79 = {
						CreatedOnToolsVersion = 11.6;
					};
				};
			};
			buildConfigurationList = 3965A0B124D76C26001C6D79 /* Build configuration list for PBXProject "PeriodicTable" */;
			compatibilityVersion = "Xcode 9.3";
			developmentRegion = en;
			hasScannedForEncodings = 0;
			knownRegions = (
				en,
				Base,
			);
			mainGroup = 3965A0AD24D76C26001C6D79;
			productRefGroup = 3965A0B724D76C26001C6D79 /* Products */;
			projectDirPath = "";
			projectRoot = "";
			targets = (
				3965A0B524D76C26001C6D79 /* PeriodicTable */,
			);
		};
/* End PBXProject section */

/* Begin PBXResourcesBuildPhase section */
		3965A0B424D76C26001C6D79 /* Resources */ = {
			isa = PBXResourcesBuildPhase;
			buildActionMask = 2147483647;
			files = (
				3965A0C624D76C28001C6D79 /* LaunchScreen.storyboard in Resources */,
				3965A0C324D76C28001C6D79 /* Assets.xcassets in Resources */,
				3965A0C124D76C26001C6D79 /* Main.storyboard in Resources */,
			);
			runOnlyForDeploymentPostprocessing = 0;
		};
/* End PBXResourcesBuildPhase section */

/* Begin PBXSourcesBuildPhase section */
		3965A0B224D76C26001C6D79 /* Sources */ = {
			isa = PBXSourcesBuildPhase;
			buildActionMask = 2147483647;
			files = (
				3965A0BE24D76C26001C6D79 /* ViewController.swift in Sources */,
				3965A0BA24D76C26001C6D79 /* AppDelegate.swift in Sources */,
				3965A0BC24D76C26001C6D79 /* SceneDelegate.swift in Sources */,
			);
			runOnlyForDeploymentPostprocessing = 0;
		};
/* End PBXSourcesBuildPhase section */

/* Begin PBXVariantGroup section */
		3965A0BF24D76C26001C6D79 /* Main.storyboard */ = {
			isa = PBXVariantGroup;
			children = (
				3965A0C024D76C26001C6D79 /* Base */,
			);
			name = Main.storyboard;
			sourceTree = "<group>";
		};
		3965A0C424D76C28001C6D79 /* LaunchScreen.storyboard */ = {
			isa = PBXVariantGroup;
			children = (
				3965A0C524D76C28001C6D79 /* Base */,
			);
			name = LaunchScreen.storyboard;
			sourceTree = "<group>";
		};
/* End PBXVariantGroup section */

/* Begin XCBuildConfiguration section */
		3965A0C824D76C28001C6D79 /* Debug */ = {
			isa = XCBuildConfiguration;
			buildSettings = {
				ALWAYS_SEARCH_USER_PATHS = NO;
				CLANG_ANALYZER_NONNULL = YES;
				CLANG_ANALYZER_NUMBER_OBJECT_CONVERSION = YES_AGGRESSIVE;
				CLANG_CXX_LANGUAGE_STANDARD = "gnu++14";
				CLANG_CXX_LIBRARY = "libc++";
				CLANG_ENABLE_MODULES = YES;
				CLANG_ENABLE_OBJC_ARC = YES;
				CLANG_ENABLE_OBJC_WEAK = YES;
				CLANG_WARN_BLOCK_CAPTURE_AUTORELEASING = YES;
				CLANG_WARN_BOOL_CONVERSION = YES;
				CLANG_WARN_COMMA = YES;
				CLANG_WARN_CONSTANT_CONVERSION = YES;
				CLANG_WARN_DEPRECATED_OBJC_IMPLEMENTATIONS = YES;
				CLANG_WARN_DIRECT_OBJC_ISA_USAGE = YES_ERROR;
				CLANG_WARN_DOCUMENTATION_COMMENTS = YES;
				CLANG_WARN_EMPTY_BODY = YES;
				CLANG_WARN_ENUM_CONVERSION = YES;
				CLANG_WARN_INFINITE_RECURSION = YES;
				CLANG_WARN_INT_CONVERSION = YES;
				CLANG_WARN_NON_LITERAL_NULL_CONVERSION = YES;
				CLANG_WARN_OBJC_IMPLICIT_RETAIN_SELF = YES;
				CLANG_WARN_OBJC_LITERAL_CONVERSION = YES;
				CLANG_WARN_OBJC_ROOT_CLASS = YES_ERROR;
				CLANG_WARN_RANGE_LOOP_ANALYSIS = YES;
				CLANG_WARN_STRICT_PROTOTYPES = YES;
				CLANG_WARN_SUSPICIOUS_MOVE = YES;
				CLANG_WARN_UNGUARDED_AVAILABILITY = YES_AGGRESSIVE;
				CLANG_WARN_UNREACHABLE_CODE = YES;
				CLANG_WARN__DUPLICATE_METHOD_MATCH = YES;
				COPY_PHASE_STRIP = NO;
				DEBUG_INFORMATION_FORMAT = dwarf;
				ENABLE_STRICT_OBJC_MSGSEND = YES;
				ENABLE_TESTABILITY = YES;
				GCC_C_LANGUAGE_STANDARD = gnu11;
				GCC_DYNAMIC_NO_PIC = NO;
				GCC_NO_COMMON_BLOCKS = YES;
				GCC_OPTIMIZATION_LEVEL = 0;
				GCC_PREPROCESSOR_DEFINITIONS = (
					"DEBUG=1",
					"$(inherited)",
				);
				GCC_WARN_64_TO_32_BIT_CONVERSION = YES;
				GCC_WARN_ABOUT_RETURN_TYPE = YES_ERROR;
				GCC_WARN_UNDECLARED_SELECTOR = YES;
				GCC_WARN_UNINITIALIZED_AUTOS = YES_AGGRESSIVE;
				GCC_WARN_UNUSED_FUNCTION = YES;
				GCC_WARN_UNUSED_VARIABLE = YES;
				IPHONEOS_DEPLOYMENT_TARGET = 13.6;
				MTL_ENABLE_DEBUG_INFO = INCLUDE_SOURCE;
				MTL_FAST_MATH = YES;
				ONLY_ACTIVE_ARCH = YES;
				SDKROOT = iphoneos;
				SWIFT_ACTIVE_COMPILATION_CONDITIONS = DEBUG;
				SWIFT_OPTIMIZATION_LEVEL = "-Onone";
			};
			name = Debug;
		};
		3965A0C924D76C28001C6D79 /* Release */ = {
			isa = XCBuildConfiguration;
			buildSettings = {
				ALWAYS_SEARCH_USER_PATHS = NO;
				CLANG_ANALYZER_NONNULL = YES;
				CLANG_ANALYZER_NUMBER_OBJECT_CONVERSION = YES_AGGRESSIVE;
				CLANG_CXX_LANGUAGE_STANDARD = "gnu++14";
				CLANG_CXX_LIBRARY = "libc++";
				CLANG_ENABLE_MODULES = YES;
				CLANG_ENABLE_OBJC_ARC = YES;
				CLANG_ENABLE_OBJC_WEAK = YES;
				CLANG_WARN_BLOCK_CAPTURE_AUTORELEASING = YES;
				CLANG_WARN_BOOL_CONVERSION = YES;
				CLANG_WARN_COMMA = YES;
				CLANG_WARN_CONSTANT_CONVERSION = YES;
				CLANG_WARN_DEPRECATED_OBJC_IMPLEMENTATIONS = YES;
				CLANG_WARN_DIRECT_OBJC_ISA_USAGE = YES_ERROR;
				CLANG_WARN_DOCUMENTATION_COMMENTS = YES;
				CLANG_WARN_EMPTY_BODY = YES;
				CLANG_WARN_ENUM_CONVERSION = YES;
				CLANG_WARN_INFINITE_RECURSION = YES;
				CLANG_WARN_INT_CONVERSION = YES;
				CLANG_WARN_NON_LITERAL_NULL_CONVERSION = YES;
				CLANG_WARN_OBJC_IMPLICIT_RETAIN_SELF = YES;
				CLANG_WARN_OBJC_LITERAL_CONVERSION = YES;
				CLANG_WARN_OBJC_ROOT_CLASS = YES_ERROR;
				CLANG_WARN_RANGE_LOOP_ANALYSIS = YES;
				CLANG_WARN_STRICT_PROTOTYPES = YES;
				CLANG_WARN_SUSPICIOUS_MOVE = YES;
				CLANG_WARN_UNGUARDED_AVAILABILITY = YES_AGGRESSIVE;
				CLANG_WARN_UNREACHABLE_CODE = YES;
				CLANG_WARN__DUPLICATE_METHOD_MATCH = YES;
				COPY_PHASE_STRIP = NO;
				DEBUG_INFORMATION_FORMAT = "dwarf-with-dsym";
				ENABLE_NS_ASSERTIONS = NO;
				ENABLE_STRICT_OBJC_MSGSEND = YES;
				GCC_C_LANGUAGE_STANDARD = gnu11;
				GCC_NO_COMMON_BLOCKS = YES;
				GCC_WARN_64_TO_32_BIT_CONVERSION = YES;
				GCC_WARN_ABOUT_RETURN_TYPE = YES_ERROR;
				GCC_WARN_UNDECLARED_SELECTOR = YES;
				GCC_WARN_UNINITIALIZED_AUTOS = YES_AGGRESSIVE;
				GCC_WARN_UNUSED_FUNCTION = YES;
				GCC_WARN_UNUSED_VARIABLE = YES;
				IPHONEOS_DEPLOYMENT_TARGET = 13.6;
				MTL_ENABLE_DEBUG_INFO = NO;
				MTL_FAST_MATH = YES;
				SDKROOT = iphoneos;
				SWIFT_COMPILATION_MODE = wholemodule;
				SWIFT_OPTIMIZATION_LEVEL = "-O";
				VALIDATE_PRODUCT = YES;
			};
			name = Release;
		};
		3965A0CB24D76C28001C6D79 /* Debug */ = {
			isa = XCBuildConfiguration;
			buildSettings = {
				ASSETCATALOG_COMPILER_APPICON_NAME = AppIcon;
				CODE_SIGN_STYLE = Automatic;
				DEVELOPMENT_TEAM = RVU9UWUNLJ;
				INFOPLIST_FILE = PeriodicTable/Info.plist;
				LD_RUNPATH_SEARCH_PATHS = (
					"$(inherited)",
					"@executable_path/Frameworks",
				);
				PRODUCT_BUNDLE_IDENTIFIER = com.lucaiatropulus.PeriodicTable;
				PRODUCT_NAME = "$(TARGET_NAME)";
				SWIFT_VERSION = 5.0;
				TARGETED_DEVICE_FAMILY = "1,2";
			};
			name = Debug;
		};
		3965A0CC24D76C28001C6D79 /* Release */ = {
			isa = XCBuildConfiguration;
			buildSettings = {
				ASSETCATALOG_COMPILER_APPICON_NAME = AppIcon;
				CODE_SIGN_STYLE = Automatic;
				DEVELOPMENT_TEAM = RVU9UWUNLJ;
				INFOPLIST_FILE = PeriodicTable/Info.plist;
				LD_RUNPATH_SEARCH_PATHS = (
					"$(inherited)",
					"@executable_path/Frameworks",
				);
				PRODUCT_BUNDLE_IDENTIFIER = com.lucaiatropulus.PeriodicTable;
				PRODUCT_NAME = "$(TARGET_NAME)";
				SWIFT_VERSION = 5.0;
				TARGETED_DEVICE_FAMILY = "1,2";
			};
			name = Release;
		};
/* End XCBuildConfiguration section */

/* Begin XCConfigurationList section */
		3965A0B124D76C26001C6D79 /* Build configuration list for PBXProject "PeriodicTable" */ = {
			isa = XCConfigurationList;
			buildConfigurations = (
				3965A0C824D76C28001C6D79 /* Debug */,
				3965A0C924D76C28001C6D79 /* Release */,
			);
			defaultConfigurationIsVisible = 0;
			defaultConfigurationName = Release;
		};
		3965A0CA24D76C28001C6D79 /* Build configuration list for PBXNativeTarget "PeriodicTable" */ = {
			isa = XCConfigurationList;
			buildConfigurations = (
				3965A0CB24D76C28001C6D79 /* Debug */,
				3965A0CC24D76C28001C6D79 /* Release */,
			);
			defaultConfigurationIsVisible = 0;
			defaultConfigurationName = Release;
		};
/* End XCConfigurationList section */
	};
	rootObject = 3965A0AE24D76C26001C6D79 /* Project object */;
}
